<?xml version="1.0" encoding="UTF-8" standalone="yes" ?>
<CodeBlocks_project_file>
	<FileVersion major="1" minor="6" />
	<Project>
		<Option title="Robot_Troll" />
		<Option makefile="makefile" />
		<Option makefile_is_custom="1" />
		<Option pch_mode="2" />
		<Option compiler="gcc" />
		<Build>
			<Target title="Debug">
				<Option output="bin/Debug/Robot_Troll" prefix_auto="1" extension_auto="1" />
				<Option object_output="obj/Debug/" />
				<Option type="1" />
				<Option compiler="gcc" />
				<Compiler>
					<Add option="-g" />
				</Compiler>
			</Target>
			<Target title="Release">
				<Option output="bin/Release/Robot_Troll" prefix_auto="1" extension_auto="1" />
				<Option object_output="obj/Release/" />
				<Option type="1" />
				<Option compiler="gcc" />
				<Compiler>
					<Add option="-O2" />
				</Compiler>
				<Linker>
					<Add option="-s" />
				</Linker>
			</Target>
		</Build>
		<Compiler>
			<Add option="-Wall" />
			<Add option="-fexceptions" />
		</Compiler>
		<Unit filename="Debug.cpp" />
		<Unit filename="Debug.hpp" />
		<Unit filename="main.cpp" />
		<Unit filename="makefile" />
		<Unit filename="robot/Buffer.cpp" />
		<Unit filename="robot/Buffer.hpp" />
		<Unit filename="robot/BusRS232.cpp" />
		<Unit filename="robot/BusRS232.hpp" />
		<Unit filename="robot/Communication.cpp" />
		<Unit filename="robot/Communication.hpp" />
		<Unit filename="robot/Constraint.cpp" />
		<Unit filename="robot/Constraint.hpp" />
		<Unit filename="robot/Data.cpp" />
		<Unit filename="robot/Data.hpp" />
		<Unit filename="robot/DataFusion.cpp" />
		<Unit filename="robot/DataFusion.hpp" />
		<Unit filename="robot/Planning.cpp" />
		<Unit filename="robot/Planning.hpp" />
		<Unit filename="robot/RS232Asservissement.cpp" />
		<Unit filename="robot/RS232Asservissement.hpp" />
		<Unit filename="robot/Robot.cpp" />
		<Unit filename="robot/Robot.hpp" />
		<Unit filename="robot/Strategy.cpp" />
		<Unit filename="robot/Strategy.hpp" />
		<Extensions>
			<code_completion />
			<debugger />
		</Extensions>
	</Project>
</CodeBlocks_project_file>
