<?xml version="1.0" encoding="UTF-8" standalone="yes" ?>
<CodeBlocks_project_file>
	<FileVersion major="1" minor="6" />
	<Project>
		<Option title="code source" />
		<Option pch_mode="2" />
		<Option compiler="gnu_gcc_compiler_v4" />
		<Build>
			<Target title="Debug">
				<Option output="bin\Debug\code source" prefix_auto="1" extension_auto="1" />
				<Option object_output="obj\Debug\" />
				<Option type="1" />
				<Option compiler="gnu_gcc_compiler_v4" />
				<Compiler>
					<Add option="-g" />
				</Compiler>
			</Target>
			<Target title="Release">
				<Option output="bin\Release\code source" prefix_auto="1" extension_auto="1" />
				<Option object_output="obj\Release\" />
				<Option type="1" />
				<Option compiler="gnu_gcc_compiler_v4" />
				<Compiler>
					<Add option="-O2" />
				</Compiler>
				<Linker>
					<Add option="-s" />
				</Linker>
			</Target>
		</Build>
		<Compiler>
			<Add option="-Wall" />
			<Add option="-fexceptions" />
		</Compiler>
		<Unit filename="BusI2C.cpp" />
		<Unit filename="BusI2C.hpp" />
		<Unit filename="BusRS232.cpp" />
		<Unit filename="BusRS232.hpp" />
		<Unit filename="Communication.cpp" />
		<Unit filename="Communication.hpp" />
		<Unit filename="Constraint.cpp" />
		<Unit filename="Constraint.hpp" />
		<Unit filename="Data.cpp" />
		<Unit filename="Data.hpp" />
		<Unit filename="DataFusion.cpp" />
		<Unit filename="DataFusion.hpp" />
		<Unit filename="Planning.cpp" />
		<Unit filename="Planning.hpp" />
		<Unit filename="Robot.cpp" />
		<Unit filename="Robot.hpp" />
		<Unit filename="Strategy.cpp" />
		<Unit filename="Strategy.hpp" />
		<Unit filename="main.cpp" />
		<Extensions>
			<code_completion />
			<debugger />
		</Extensions>
	</Project>
</CodeBlocks_project_file>
